{
  "name": "playwrightwithaxecore",
  "version": "1.0.0",
  "lockfileVersion": 2,
  "requires": true,
  "packages": {
    "": {
      "name": "playwrightwithaxecore",
      "version": "1.0.0",
      "license": "ISC",
      "dependencies": {
        "@axe-core/playwright": "^4.5.2"
      },
      "devDependencies": {
        "@playwright/test": "^1.29.0"
      }
    },
    "node_modules/@axe-core/playwright": {
      "version": "4.5.2",
      "resolved": "https://registry.npmjs.org/@axe-core/playwright/-/playwright-4.5.2.tgz",
      "integrity": "sha512-RXdnUeroQwLoIoxxZNKBy/2FsjOrgYsiIrSdZkRfVVWFudTgatncc9izyMZ40ou+nw/d1zi/WPCjrLUI6TZBBA==",
      "dependencies": {
        "axe-core": "^4.5.2"
      },
      "peerDependencies": {
        "playwright": ">= 1.0.0"
      }
    },
    "node_modules/@playwright/test": {
      "version": "1.29.0",
      "resolved": "https://registry.npmjs.org/@playwright/test/-/test-1.29.0.tgz",
      "integrity": "sha512-gp5PVBenxTJsm2bATWDNc2CCnrL5OaA/MXQdJwwkGQtqTjmY+ZOqAdLqo49O9MLTDh2vYh+tHWDnmFsILnWaeA==",
      "dev": true,
      "dependencies": {
        "@types/node": "*",
        "playwright-core": "1.29.0"
      },
      "bin": {
        "playwright": "cli.js"
      },
      "engines": {
        "node": ">=14"
      }
    },
    "node_modules/@types/node": {
      "version": "18.11.17",
      "resolved": "https://registry.npmjs.org/@types/node/-/node-18.11.17.tgz",
      "integrity": "sha512-HJSUJmni4BeDHhfzn6nF0sVmd1SMezP7/4F0Lq+aXzmp2xm9O7WXrUtHW/CHlYVtZUbByEvWidHqRtcJXGF2Ng==",
      "dev": true
    },
    "node_modules/axe-core": {
      "version": "4.6.1",
      "resolved": "https://registry.npmjs.org/axe-core/-/axe-core-4.6.1.tgz",
      "integrity": "sha512-lCZN5XRuOnpG4bpMq8v0khrWtUOn+i8lZSb6wHZH56ZfbIEv6XwJV84AAueh9/zi7qPVJ/E4yz6fmsiyOmXR4w==",
      "engines": {
        "node": ">=4"
      }
    },
    "node_modules/playwright": {
      "version": "1.29.0",
      "resolved": "https://registry.npmjs.org/playwright/-/playwright-1.29.0.tgz",
      "integrity": "sha512-vtXgX3FPNcAJq1QoIVCvmiHHKOLVTZkSYEo60n+EnX5MrNznAJzGquxT8c2sv+BG3CDyLeKm351e491HnF7yjw==",
      "hasInstallScript": true,
      "peer": true,
      "dependencies": {
        "playwright-core": "1.29.0"
      },
      "bin": {
        "playwright": "cli.js"
      },
      "engines": {
        "node": ">=14"
      }
    },
    "node_modules/playwright-core": {
      "version": "1.29.0",
      "resolved": "https://registry.npmjs.org/playwright-core/-/playwright-core-1.29.0.tgz",
      "integrity": "sha512-pboOm1m0RD6z1GtwAbEH60PYRfF87vKdzOSRw2RyO0Y0a7utrMyWN2Au1ojGvQr4umuBMODkKTv607YIRypDSQ==",
      "bin": {
        "playwright": "cli.js"
      },
      "engines": {
        "node": ">=14"
      }
    }
  },
  "dependencies": {
    "@axe-core/playwright": {
      "version": "4.5.2",
      "resolved": "https://registry.npmjs.org/@axe-core/playwright/-/playwright-4.5.2.tgz",
      "integrity": "sha512-RXdnUeroQwLoIoxxZNKBy/2FsjOrgYsiIrSdZkRfVVWFudTgatncc9izyMZ40ou+nw/d1zi/WPCjrLUI6TZBBA==",
      "requires": {
        "axe-core": "^4.5.2"
      }
    },
    "@playwright/test": {
      "version": "1.29.0",
      "resolved": "https://registry.npmjs.org/@playwright/test/-/test-1.29.0.tgz",
      "integrity": "sha512-gp5PVBenxTJsm2bATWDNc2CCnrL5OaA/MXQdJwwkGQtqTjmY+ZOqAdLqo49O9MLTDh2vYh+tHWDnmFsILnWaeA==",
      "dev": true,
      "requires": {
        "@types/node": "*",
        "playwright-core": "1.29.0"
      }
    },
    "@types/node": {
      "version": "18.11.17",
      "resolved": "https://registry.npmjs.org/@types/node/-/node-18.11.17.tgz",
      "integrity": "sha512-HJSUJmni4BeDHhfzn6nF0sVmd1SMezP7/4F0Lq+aXzmp2xm9O7WXrUtHW/CHlYVtZUbByEvWidHqRtcJXGF2Ng==",
      "dev": true
    },
    "axe-core": {
      "version": "4.6.1",
      "resolved": "https://registry.npmjs.org/axe-core/-/axe-core-4.6.1.tgz",
      "integrity": "sha512-lCZN5XRuOnpG4bpMq8v0khrWtUOn+i8lZSb6wHZH56ZfbIEv6XwJV84AAueh9/zi7qPVJ/E4yz6fmsiyOmXR4w=="
    },
    "playwright": {
      "version": "1.29.0",
      "resolved": "https://registry.npmjs.org/playwright/-/playwright-1.29.0.tgz",
      "integrity": "sha512-vtXgX3FPNcAJq1QoIVCvmiHHKOLVTZkSYEo60n+EnX5MrNznAJzGquxT8c2sv+BG3CDyLeKm351e491HnF7yjw==",
      "peer": true,
      "requires": {
        "playwright-core": "1.29.0"
      }
    },
    "playwright-core": {
      "version": "1.29.0",
      "resolved": "https://registry.npmjs.org/playwright-core/-/playwright-core-1.29.0.tgz",
      "integrity": "sha512-pboOm1m0RD6z1GtwAbEH60PYRfF87vKdzOSRw2RyO0Y0a7utrMyWN2Au1ojGvQr4umuBMODkKTv607YIRypDSQ=="
    }
  }
}
